
Microsoft Visual Studio Solution File, Format Version 12.00
# Visual Studio 15
VisualStudioVersion = 15.0.27428.2037
MinimumVisualStudioVersion = 10.0.40219.1
Project("{9A19103F-16F7-4668-BE54-9A1E7A4F7556}") = "discord-web-hook-logger", "src\discord-web-hook-logger.csproj", "{DDA367C2-F532-4148-91D2-3E03BCE5DDCA}"
EndProject
Global
	GlobalSection(SolutionConfigurationPlatforms) = preSolution
		Debug|Any CPU = Debug|Any CPU
		Release|Any CPU = Release|Any CPU
	EndGlobalSection
	GlobalSection(ProjectConfigurationPlatforms) = postSolution
		{DDA367C2-F532-4148-91D2-3E03BCE5DDCA}.Debug|Any CPU.ActiveCfg = Debug|Any CPU
		{DDA367C2-F532-4148-91D2-3E03BCE5DDCA}.Debug|Any CPU.Build.0 = Debug|Any CPU
		{DDA367C2-F532-4148-91D2-3E03BCE5DDCA}.Release|Any CPU.ActiveCfg = Release|Any CPU
		{DDA367C2-F532-4148-91D2-3E03BCE5DDCA}.Release|Any CPU.Build.0 = Release|Any CPU
	EndGlobalSection
	GlobalSection(SolutionProperties) = preSolution
		HideSolutionNode = FALSE
	EndGlobalSection
	GlobalSection(ExtensibilityGlobals) = postSolution
		SolutionGuid = {086F72B1-48A4-4CD4-BA90-A4313A12D020}
	EndGlobalSection
EndGlobal
